
Microsoft Visual Studio Solution File, Format Version 12.00
# Visual Studio 15
VisualStudioVersion = 15.0.26124.0
MinimumVisualStudioVersion = 15.0.26124.0
Project("{FAE04EC0-301F-11D3-BF4B-00C04F79EFBC}") = "API", "API\API.csproj", "{9702B725-D9F2-4045-8266-D260427985B1}"
EndProject
Project("{FAE04EC0-301F-11D3-BF4B-00C04F79EFBC}") = "Application", "Application\Application.csproj", "{0DE9DE50-397E-4BA1-8C43-A9435072D67D}"
EndProject
Project("{FAE04EC0-301F-11D3-BF4B-00C04F79EFBC}") = "Domain", "Domain\Domain.csproj", "{D3430DBB-77AF-4EBF-8942-C4EB988A2164}"
EndProject
Project("{FAE04EC0-301F-11D3-BF4B-00C04F79EFBC}") = "Persistence", "Persistence\Persistence.csproj", "{B8A9DEAB-5474-46CF-B5FF-E392D573C199}"
EndProject
Project("{FAE04EC0-301F-11D3-BF4B-00C04F79EFBC}") = "Infrastructure", "Infrastructure\Infrastructure.csproj", "{55A1F45B-4B89-4709-84F2-86D26052D91E}"
EndProject
Global
	GlobalSection(SolutionConfigurationPlatforms) = preSolution
		Debug|Any CPU = Debug|Any CPU
		Debug|x64 = Debug|x64
		Debug|x86 = Debug|x86
		Release|Any CPU = Release|Any CPU
		Release|x64 = Release|x64
		Release|x86 = Release|x86
	EndGlobalSection
	GlobalSection(SolutionProperties) = preSolution
		HideSolutionNode = FALSE
	EndGlobalSection
	GlobalSection(ProjectConfigurationPlatforms) = postSolution
		{9702B725-D9F2-4045-8266-D260427985B1}.Debug|Any CPU.ActiveCfg = Debug|Any CPU
		{9702B725-D9F2-4045-8266-D260427985B1}.Debug|Any CPU.Build.0 = Debug|Any CPU
		{9702B725-D9F2-4045-8266-D260427985B1}.Debug|x64.ActiveCfg = Debug|Any CPU
		{9702B725-D9F2-4045-8266-D260427985B1}.Debug|x64.Build.0 = Debug|Any CPU
		{9702B725-D9F2-4045-8266-D260427985B1}.Debug|x86.ActiveCfg = Debug|Any CPU
		{9702B725-D9F2-4045-8266-D260427985B1}.Debug|x86.Build.0 = Debug|Any CPU
		{9702B725-D9F2-4045-8266-D260427985B1}.Release|Any CPU.ActiveCfg = Release|Any CPU
		{9702B725-D9F2-4045-8266-D260427985B1}.Release|Any CPU.Build.0 = Release|Any CPU
		{9702B725-D9F2-4045-8266-D260427985B1}.Release|x64.ActiveCfg = Release|Any CPU
		{9702B725-D9F2-4045-8266-D260427985B1}.Release|x64.Build.0 = Release|Any CPU
		{9702B725-D9F2-4045-8266-D260427985B1}.Release|x86.ActiveCfg = Release|Any CPU
		{9702B725-D9F2-4045-8266-D260427985B1}.Release|x86.Build.0 = Release|Any CPU
		{0DE9DE50-397E-4BA1-8C43-A9435072D67D}.Debug|Any CPU.ActiveCfg = Debug|Any CPU
		{0DE9DE50-397E-4BA1-8C43-A9435072D67D}.Debug|Any CPU.Build.0 = Debug|Any CPU
		{0DE9DE50-397E-4BA1-8C43-A9435072D67D}.Debug|x64.ActiveCfg = Debug|Any CPU
		{0DE9DE50-397E-4BA1-8C43-A9435072D67D}.Debug|x64.Build.0 = Debug|Any CPU
		{0DE9DE50-397E-4BA1-8C43-A9435072D67D}.Debug|x86.ActiveCfg = Debug|Any CPU
		{0DE9DE50-397E-4BA1-8C43-A9435072D67D}.Debug|x86.Build.0 = Debug|Any CPU
		{0DE9DE50-397E-4BA1-8C43-A9435072D67D}.Release|Any CPU.ActiveCfg = Release|Any CPU
		{0DE9DE50-397E-4BA1-8C43-A9435072D67D}.Release|Any CPU.Build.0 = Release|Any CPU
		{0DE9DE50-397E-4BA1-8C43-A9435072D67D}.Release|x64.ActiveCfg = Release|Any CPU
		{0DE9DE50-397E-4BA1-8C43-A9435072D67D}.Release|x64.Build.0 = Release|Any CPU
		{0DE9DE50-397E-4BA1-8C43-A9435072D67D}.Release|x86.ActiveCfg = Release|Any CPU
		{0DE9DE50-397E-4BA1-8C43-A9435072D67D}.Release|x86.Build.0 = Release|Any CPU
		{D3430DBB-77AF-4EBF-8942-C4EB988A2164}.Debug|Any CPU.ActiveCfg = Debug|Any CPU
		{D3430DBB-77AF-4EBF-8942-C4EB988A2164}.Debug|Any CPU.Build.0 = Debug|Any CPU
		{D3430DBB-77AF-4EBF-8942-C4EB988A2164}.Debug|x64.ActiveCfg = Debug|Any CPU
		{D3430DBB-77AF-4EBF-8942-C4EB988A2164}.Debug|x64.Build.0 = Debug|Any CPU
		{D3430DBB-77AF-4EBF-8942-C4EB988A2164}.Debug|x86.ActiveCfg = Debug|Any CPU
		{D3430DBB-77AF-4EBF-8942-C4EB988A2164}.Debug|x86.Build.0 = Debug|Any CPU
		{D3430DBB-77AF-4EBF-8942-C4EB988A2164}.Release|Any CPU.ActiveCfg = Release|Any CPU
		{D3430DBB-77AF-4EBF-8942-C4EB988A2164}.Release|Any CPU.Build.0 = Release|Any CPU
		{D3430DBB-77AF-4EBF-8942-C4EB988A2164}.Release|x64.ActiveCfg = Release|Any CPU
		{D3430DBB-77AF-4EBF-8942-C4EB988A2164}.Release|x64.Build.0 = Release|Any CPU
		{D3430DBB-77AF-4EBF-8942-C4EB988A2164}.Release|x86.ActiveCfg = Release|Any CPU
		{D3430DBB-77AF-4EBF-8942-C4EB988A2164}.Release|x86.Build.0 = Release|Any CPU
		{B8A9DEAB-5474-46CF-B5FF-E392D573C199}.Debug|Any CPU.ActiveCfg = Debug|Any CPU
		{B8A9DEAB-5474-46CF-B5FF-E392D573C199}.Debug|Any CPU.Build.0 = Debug|Any CPU
		{B8A9DEAB-5474-46CF-B5FF-E392D573C199}.Debug|x64.ActiveCfg = Debug|Any CPU
		{B8A9DEAB-5474-46CF-B5FF-E392D573C199}.Debug|x64.Build.0 = Debug|Any CPU
		{B8A9DEAB-5474-46CF-B5FF-E392D573C199}.Debug|x86.ActiveCfg = Debug|Any CPU
		{B8A9DEAB-5474-46CF-B5FF-E392D573C199}.Debug|x86.Build.0 = Debug|Any CPU
		{B8A9DEAB-5474-46CF-B5FF-E392D573C199}.Release|Any CPU.ActiveCfg = Release|Any CPU
		{B8A9DEAB-5474-46CF-B5FF-E392D573C199}.Release|Any CPU.Build.0 = Release|Any CPU
		{B8A9DEAB-5474-46CF-B5FF-E392D573C199}.Release|x64.ActiveCfg = Release|Any CPU
		{B8A9DEAB-5474-46CF-B5FF-E392D573C199}.Release|x64.Build.0 = Release|Any CPU
		{B8A9DEAB-5474-46CF-B5FF-E392D573C199}.Release|x86.ActiveCfg = Release|Any CPU
		{B8A9DEAB-5474-46CF-B5FF-E392D573C199}.Release|x86.Build.0 = Release|Any CPU
		{55A1F45B-4B89-4709-84F2-86D26052D91E}.Debug|Any CPU.ActiveCfg = Debug|Any CPU
		{55A1F45B-4B89-4709-84F2-86D26052D91E}.Debug|Any CPU.Build.0 = Debug|Any CPU
		{55A1F45B-4B89-4709-84F2-86D26052D91E}.Debug|x64.ActiveCfg = Debug|Any CPU
		{55A1F45B-4B89-4709-84F2-86D26052D91E}.Debug|x64.Build.0 = Debug|Any CPU
		{55A1F45B-4B89-4709-84F2-86D26052D91E}.Debug|x86.ActiveCfg = Debug|Any CPU
		{55A1F45B-4B89-4709-84F2-86D26052D91E}.Debug|x86.Build.0 = Debug|Any CPU
		{55A1F45B-4B89-4709-84F2-86D26052D91E}.Release|Any CPU.ActiveCfg = Release|Any CPU
		{55A1F45B-4B89-4709-84F2-86D26052D91E}.Release|Any CPU.Build.0 = Release|Any CPU
		{55A1F45B-4B89-4709-84F2-86D26052D91E}.Release|x64.ActiveCfg = Release|Any CPU
		{55A1F45B-4B89-4709-84F2-86D26052D91E}.Release|x64.Build.0 = Release|Any CPU
		{55A1F45B-4B89-4709-84F2-86D26052D91E}.Release|x86.ActiveCfg = Release|Any CPU
		{55A1F45B-4B89-4709-84F2-86D26052D91E}.Release|x86.Build.0 = Release|Any CPU
	EndGlobalSection
EndGlobal
